
Microsoft Visual Studio Solution File, Format Version 12.00
# Visual Studio Version 16
VisualStudioVersion = 16.0.31727.386
MinimumVisualStudioVersion = 10.0.40219.1
Project("{FAE04EC0-301F-11D3-BF4B-00C04F79EFBC}") = "app_swagger", "app_swagger\app_swagger.csproj", "{DA74B0CF-320E-4804-AE1F-BE547743F83D}"
EndProject
Global
	GlobalSection(SolutionConfigurationPlatforms) = preSolution
		Debug|Any CPU = Debug|Any CPU
		Release|Any CPU = Release|Any CPU
	EndGlobalSection
	GlobalSection(ProjectConfigurationPlatforms) = postSolution
		{DA74B0CF-320E-4804-AE1F-BE547743F83D}.Debug|Any CPU.ActiveCfg = Debug|Any CPU
		{DA74B0CF-320E-4804-AE1F-BE547743F83D}.Debug|Any CPU.Build.0 = Debug|Any CPU
		{DA74B0CF-320E-4804-AE1F-BE547743F83D}.Release|Any CPU.ActiveCfg = Release|Any CPU
		{DA74B0CF-320E-4804-AE1F-BE547743F83D}.Release|Any CPU.Build.0 = Release|Any CPU
	EndGlobalSection
	GlobalSection(SolutionProperties) = preSolution
		HideSolutionNode = FALSE
	EndGlobalSection
	GlobalSection(ExtensibilityGlobals) = postSolution
		SolutionGuid = {26F6CCB6-08B4-4C25-9E09-56BEF842B091}
	EndGlobalSection
EndGlobal
